
Microsoft Visual Studio Solution File, Format Version 12.00
# Visual Studio 15
VisualStudioVersion = 15.0.27428.2005
MinimumVisualStudioVersion = 10.0.40219.1
Project("{FAE04EC0-301F-11D3-BF4B-00C04F79EFBC}") = "PDAImport", "PDAImport\PDAImport.csproj", "{9EA084A6-4CCB-45AA-9262-13C1C2564E5B}"
EndProject
Global
	GlobalSection(SolutionConfigurationPlatforms) = preSolution
		Debug 64 Bits|Any CPU = Debug 64 Bits|Any CPU
		Debug 64 Bits|x64 = Debug 64 Bits|x64
		Debug|Any CPU = Debug|Any CPU
		Debug|x64 = Debug|x64
		Release|Any CPU = Release|Any CPU
		Release|x64 = Release|x64
	EndGlobalSection
	GlobalSection(ProjectConfigurationPlatforms) = postSolution
		{9EA084A6-4CCB-45AA-9262-13C1C2564E5B}.Debug 64 Bits|Any CPU.ActiveCfg = Debug 64 Bits|Any CPU
		{9EA084A6-4CCB-45AA-9262-13C1C2564E5B}.Debug 64 Bits|Any CPU.Build.0 = Debug 64 Bits|Any CPU
		{9EA084A6-4CCB-45AA-9262-13C1C2564E5B}.Debug 64 Bits|x64.ActiveCfg = Debug 64 Bits|x64
		{9EA084A6-4CCB-45AA-9262-13C1C2564E5B}.Debug 64 Bits|x64.Build.0 = Debug 64 Bits|x64
		{9EA084A6-4CCB-45AA-9262-13C1C2564E5B}.Debug|Any CPU.ActiveCfg = Debug|Any CPU
		{9EA084A6-4CCB-45AA-9262-13C1C2564E5B}.Debug|Any CPU.Build.0 = Debug|Any CPU
		{9EA084A6-4CCB-45AA-9262-13C1C2564E5B}.Debug|x64.ActiveCfg = Debug|x64
		{9EA084A6-4CCB-45AA-9262-13C1C2564E5B}.Debug|x64.Build.0 = Debug|x64
		{9EA084A6-4CCB-45AA-9262-13C1C2564E5B}.Release|Any CPU.ActiveCfg = Release|Any CPU
		{9EA084A6-4CCB-45AA-9262-13C1C2564E5B}.Release|Any CPU.Build.0 = Release|Any CPU
		{9EA084A6-4CCB-45AA-9262-13C1C2564E5B}.Release|x64.ActiveCfg = Release|x64
		{9EA084A6-4CCB-45AA-9262-13C1C2564E5B}.Release|x64.Build.0 = Release|x64
	EndGlobalSection
	GlobalSection(SolutionProperties) = preSolution
		HideSolutionNode = FALSE
	EndGlobalSection
	GlobalSection(ExtensibilityGlobals) = postSolution
		SolutionGuid = {FDD3C55D-76F2-4B9F-BA88-13528CB61F30}
	EndGlobalSection
EndGlobal
